// !$*UTF8*$!
{
	archiveVersion = 1;
	classes = {
	};
	objectVersion = 46;
	objects = {

/* Begin PBXBuildFile section */
		044BD5071BB99B150076F540 /* TeamTableViewCell.m in Sources */ = {isa = PBXBuildFile; fileRef = 044BD5061BB99B150076F540 /* TeamTableViewCell.m */; settings = {ASSET_TAGS = (); }; };
		044BD50A1BB99E110076F540 /* Team.m in Sources */ = {isa = PBXBuildFile; fileRef = 044BD5091BB99E110076F540 /* Team.m */; settings = {ASSET_TAGS = (); }; };
		045B470E1BB747570088C360 /* main.m in Sources */ = {isa = PBXBuildFile; fileRef = 045B470D1BB747570088C360 /* main.m */; };
		045B47111BB747570088C360 /* AppDelegate.m in Sources */ = {isa = PBXBuildFile; fileRef = 045B47101BB747570088C360 /* AppDelegate.m */; };
		045B47141BB747570088C360 /* TeamViewController.m in Sources */ = {isa = PBXBuildFile; fileRef = 045B47131BB747570088C360 /* TeamViewController.m */; };
		045B47171BB747570088C360 /* Main.storyboard in Resources */ = {isa = PBXBuildFile; fileRef = 045B47151BB747570088C360 /* Main.storyboard */; };
		045B471A1BB747570088C360 /* BABaseballApplication.xcdatamodeld in Sources */ = {isa = PBXBuildFile; fileRef = 045B47181BB747570088C360 /* BABaseballApplication.xcdatamodeld */; };
		045B471C1BB747570088C360 /* Assets.xcassets in Resources */ = {isa = PBXBuildFile; fileRef = 045B471B1BB747570088C360 /* Assets.xcassets */; };
		045B471F1BB747570088C360 /* LaunchScreen.storyboard in Resources */ = {isa = PBXBuildFile; fileRef = 045B471D1BB747570088C360 /* LaunchScreen.storyboard */; };
		045B472A1BB747580088C360 /* BABaseballApplicationTests.m in Sources */ = {isa = PBXBuildFile; fileRef = 045B47291BB747580088C360 /* BABaseballApplicationTests.m */; };
		045B47351BB747580088C360 /* BABaseballApplicationUITests.m in Sources */ = {isa = PBXBuildFile; fileRef = 045B47341BB747580088C360 /* BABaseballApplicationUITests.m */; };
		04D529941BB84DA700F03357 /* BAScoreboard.m in Sources */ = {isa = PBXBuildFile; fileRef = 04D529931BB84DA700F03357 /* BAScoreboard.m */; settings = {ASSET_TAGS = (); }; };
		04D9CF521BB74AEE000E2F37 /* BAJSONParser.m in Sources */ = {isa = PBXBuildFile; fileRef = 04D9CF511BB74AEE000E2F37 /* BAJSONParser.m */; settings = {ASSET_TAGS = (); }; };
/* End PBXBuildFile section */

/* Begin PBXContainerItemProxy section */
		045B47261BB747580088C360 /* PBXContainerItemProxy */ = {
			isa = PBXContainerItemProxy;
			containerPortal = 045B47011BB747570088C360 /* Project object */;
			proxyType = 1;
			remoteGlobalIDString = 045B47081BB747570088C360;
			remoteInfo = BABaseballApplication;
		};
		045B47311BB747580088C360 /* PBXContainerItemProxy */ = {
			isa = PBXContainerItemProxy;
			containerPortal = 045B47011BB747570088C360 /* Project object */;
			proxyType = 1;
			remoteGlobalIDString = 045B47081BB747570088C360;
			remoteInfo = BABaseballApplication;
		};
/* End PBXContainerItemProxy section */

/* Begin PBXFileReference section */
		044BD5051BB99B150076F540 /* TeamTableViewCell.h */ = {isa = PBXFileReference; fileEncoding = 4; lastKnownFileType = sourcecode.c.h; path = TeamTableViewCell.h; sourceTree = "<group>"; };
		044BD5061BB99B150076F540 /* TeamTableViewCell.m */ = {isa = PBXFileReference; fileEncoding = 4; lastKnownFileType = sourcecode.c.objc; path = TeamTableViewCell.m; sourceTree = "<group>"; };
		044BD5081BB99E110076F540 /* Team.h */ = {isa = PBXFileReference; fileEncoding = 4; lastKnownFileType = sourcecode.c.h; path = Team.h; sourceTree = "<group>"; };
		044BD5091BB99E110076F540 /* Team.m */ = {isa = PBXFileReference; fileEncoding = 4; lastKnownFileType = sourcecode.c.objc; path = Team.m; sourceTree = "<group>"; };
		045B47091BB747570088C360 /* BABaseballApplication.app */ = {isa = PBXFileReference; explicitFileType = wrapper.application; includeInIndex = 0; path = BABaseballApplication.app; sourceTree = BUILT_PRODUCTS_DIR; };
		045B470D1BB747570088C360 /* main.m */ = {isa = PBXFileReference; lastKnownFileType = sourcecode.c.objc; path = main.m; sourceTree = "<group>"; };
		045B470F1BB747570088C360 /* AppDelegate.h */ = {isa = PBXFileReference; lastKnownFileType = sourcecode.c.h; path = AppDelegate.h; sourceTree = "<group>"; };
		045B47101BB747570088C360 /* AppDelegate.m */ = {isa = PBXFileReference; lastKnownFileType = sourcecode.c.objc; path = AppDelegate.m; sourceTree = "<group>"; };
		045B47121BB747570088C360 /* TeamViewController.h */ = {isa = PBXFileReference; lastKnownFileType = sourcecode.c.h; path = TeamViewController.h; sourceTree = "<group>"; };
		045B47131BB747570088C360 /* TeamViewController.m */ = {isa = PBXFileReference; lastKnownFileType = sourcecode.c.objc; path = TeamViewController.m; sourceTree = "<group>"; };
		045B47161BB747570088C360 /* Base */ = {isa = PBXFileReference; lastKnownFileType = file.storyboard; name = Base; path = Base.lproj/Main.storyboard; sourceTree = "<group>"; };
		045B47191BB747570088C360 /* BABaseballApplication.xcdatamodel */ = {isa = PBXFileReference; lastKnownFileType = wrapper.xcdatamodel; path = BABaseballApplication.xcdatamodel; sourceTree = "<group>"; };
		045B471B1BB747570088C360 /* Assets.xcassets */ = {isa = PBXFileReference; lastKnownFileType = folder.assetcatalog; path = Assets.xcassets; sourceTree = "<group>"; };
		045B471E1BB747570088C360 /* Base */ = {isa = PBXFileReference; lastKnownFileType = file.storyboard; name = Base; path = Base.lproj/LaunchScreen.storyboard; sourceTree = "<group>"; };
		045B47201BB747570088C360 /* Info.plist */ = {isa = PBXFileReference; lastKnownFileType = text.plist.xml; path = Info.plist; sourceTree = "<group>"; };
		045B47251BB747580088C360 /* BABaseballApplicationTests.xctest */ = {isa = PBXFileReference; explicitFileType = wrapper.cfbundle; includeInIndex = 0; path = BABaseballApplicationTests.xctest; sourceTree = BUILT_PRODUCTS_DIR; };
		045B47291BB747580088C360 /* BABaseballApplicationTests.m */ = {isa = PBXFileReference; lastKnownFileType = sourcecode.c.objc; path = BABaseballApplicationTests.m; sourceTree = "<group>"; };
		045B472B1BB747580088C360 /* Info.plist */ = {isa = PBXFileReference; lastKnownFileType = text.plist.xml; path = Info.plist; sourceTree = "<group>"; };
		045B47301BB747580088C360 /* BABaseballApplicationUITests.xctest */ = {isa = PBXFileReference; explicitFileType = wrapper.cfbundle; includeInIndex = 0; path = BABaseballApplicationUITests.xctest; sourceTree = BUILT_PRODUCTS_DIR; };
		045B47341BB747580088C360 /* BABaseballApplicationUITests.m */ = {isa = PBXFileReference; lastKnownFileType = sourcecode.c.objc; path = BABaseballApplicationUITests.m; sourceTree = "<group>"; };
		045B47361BB747580088C360 /* Info.plist */ = {isa = PBXFileReference; lastKnownFileType = text.plist.xml; path = Info.plist; sourceTree = "<group>"; };
		04D529921BB84DA700F03357 /* BAScoreboard.h */ = {isa = PBXFileReference; fileEncoding = 4; lastKnownFileType = sourcecode.c.h; path = BAScoreboard.h; sourceTree = "<group>"; };
		04D529931BB84DA700F03357 /* BAScoreboard.m */ = {isa = PBXFileReference; fileEncoding = 4; lastKnownFileType = sourcecode.c.objc; path = BAScoreboard.m; sourceTree = "<group>"; };
		04D9CF501BB74AEE000E2F37 /* BAJSONParser.h */ = {isa = PBXFileReference; fileEncoding = 4; lastKnownFileType = sourcecode.c.h; path = BAJSONParser.h; sourceTree = "<group>"; };
		04D9CF511BB74AEE000E2F37 /* BAJSONParser.m */ = {isa = PBXFileReference; fileEncoding = 4; lastKnownFileType = sourcecode.c.objc; path = BAJSONParser.m; sourceTree = "<group>"; };
/* End PBXFileReference section */

/* Begin PBXFrameworksBuildPhase section */
		045B47061BB747570088C360 /* Frameworks */ = {
			isa = PBXFrameworksBuildPhase;
			buildActionMask = 2147483647;
			files = (
			);
			runOnlyForDeploymentPostprocessing = 0;
		};
		045B47221BB747580088C360 /* Frameworks */ = {
			isa = PBXFrameworksBuildPhase;
			buildActionMask = 2147483647;
			files = (
			);
			runOnlyForDeploymentPostprocessing = 0;
		};
		045B472D1BB747580088C360 /* Frameworks */ = {
			isa = PBXFrameworksBuildPhase;
			buildActionMask = 2147483647;
			files = (
			);
			runOnlyForDeploymentPostprocessing = 0;
		};
/* End PBXFrameworksBuildPhase section */

/* Begin PBXGroup section */
		045B47001BB747570088C360 = {
			isa = PBXGroup;
			children = (
				045B470B1BB747570088C360 /* BABaseballApplication */,
				045B47281BB747580088C360 /* BABaseballApplicationTests */,
				045B47331BB747580088C360 /* BABaseballApplicationUITests */,
				045B470A1BB747570088C360 /* Products */,
			);
			sourceTree = "<group>";
		};
		045B470A1BB747570088C360 /* Products */ = {
			isa = PBXGroup;
			children = (
				045B47091BB747570088C360 /* BABaseballApplication.app */,
				045B47251BB747580088C360 /* BABaseballApplicationTests.xctest */,
				045B47301BB747580088C360 /* BABaseballApplicationUITests.xctest */,
			);
			name = Products;
			sourceTree = "<group>";
		};
		045B470B1BB747570088C360 /* BABaseballApplication */ = {
			isa = PBXGroup;
			children = (
				04D529971BB856BE00F03357 /* Controllers */,
				04D529961BB8569800F03357 /* ModelClasses */,
				04D529951BB8567B00F03357 /* ViewControllers */,
				045B470F1BB747570088C360 /* AppDelegate.h */,
				045B47101BB747570088C360 /* AppDelegate.m */,
				045B47151BB747570088C360 /* Main.storyboard */,
				045B471B1BB747570088C360 /* Assets.xcassets */,
				045B471D1BB747570088C360 /* LaunchScreen.storyboard */,
				045B47201BB747570088C360 /* Info.plist */,
				045B47181BB747570088C360 /* BABaseballApplication.xcdatamodeld */,
				045B470C1BB747570088C360 /* Supporting Files */,
			);
			path = BABaseballApplication;
			sourceTree = "<group>";
		};
		045B470C1BB747570088C360 /* Supporting Files */ = {
			isa = PBXGroup;
			children = (
				045B470D1BB747570088C360 /* main.m */,
			);
			name = "Supporting Files";
			sourceTree = "<group>";
		};
		045B47281BB747580088C360 /* BABaseballApplicationTests */ = {
			isa = PBXGroup;
			children = (
				045B47291BB747580088C360 /* BABaseballApplicationTests.m */,
				045B472B1BB747580088C360 /* Info.plist */,
			);
			path = BABaseballApplicationTests;
			sourceTree = "<group>";
		};
		045B47331BB747580088C360 /* BABaseballApplicationUITests */ = {
			isa = PBXGroup;
			children = (
				045B47341BB747580088C360 /* BABaseballApplicationUITests.m */,
				045B47361BB747580088C360 /* Info.plist */,
			);
			path = BABaseballApplicationUITests;
			sourceTree = "<group>";
		};
		04D529951BB8567B00F03357 /* ViewControllers */ = {
			isa = PBXGroup;
			children = (
				045B47121BB747570088C360 /* TeamViewController.h */,
				045B47131BB747570088C360 /* TeamViewController.m */,
			);
			name = ViewControllers;
			sourceTree = "<group>";
		};
		04D529961BB8569800F03357 /* ModelClasses */ = {
			isa = PBXGroup;
			children = (
				04D529921BB84DA700F03357 /* BAScoreboard.h */,
				04D529931BB84DA700F03357 /* BAScoreboard.m */,
			);
			name = ModelClasses;
			sourceTree = "<group>";
		};
		04D529971BB856BE00F03357 /* Controllers */ = {
			isa = PBXGroup;
			children = (
				04D9CF501BB74AEE000E2F37 /* BAJSONParser.h */,
				04D9CF511BB74AEE000E2F37 /* BAJSONParser.m */,
				044BD5051BB99B150076F540 /* TeamTableViewCell.h */,
				044BD5061BB99B150076F540 /* TeamTableViewCell.m */,
				044BD5081BB99E110076F540 /* Team.h */,
				044BD5091BB99E110076F540 /* Team.m */,
			);
			name = Controllers;
			sourceTree = "<group>";
		};
/* End PBXGroup section */

/* Begin PBXNativeTarget section */
		045B47081BB747570088C360 /* BABaseballApplication */ = {
			isa = PBXNativeTarget;
			buildConfigurationList = 045B47391BB747580088C360 /* Build configuration list for PBXNativeTarget "BABaseballApplication" */;
			buildPhases = (
				045B47051BB747570088C360 /* Sources */,
				045B47061BB747570088C360 /* Frameworks */,
				045B47071BB747570088C360 /* Resources */,
			);
			buildRules = (
			);
			dependencies = (
			);
			name = BABaseballApplication;
			productName = BABaseballApplication;
			productReference = 045B47091BB747570088C360 /* BABaseballApplication.app */;
			productType = "com.apple.product-type.application";
		};
		045B47241BB747580088C360 /* BABaseballApplicationTests */ = {
			isa = PBXNativeTarget;
			buildConfigurationList = 045B473C1BB747580088C360 /* Build configuration list for PBXNativeTarget "BABaseballApplicationTests" */;
			buildPhases = (
				045B47211BB747580088C360 /* Sources */,
				045B47221BB747580088C360 /* Frameworks */,
				045B47231BB747580088C360 /* Resources */,
			);
			buildRules = (
			);
			dependencies = (
				045B47271BB747580088C360 /* PBXTargetDependency */,
			);
			name = BABaseballApplicationTests;
			productName = BABaseballApplicationTests;
			productReference = 045B47251BB747580088C360 /* BABaseballApplicationTests.xctest */;
			productType = "com.apple.product-type.bundle.unit-test";
		};
		045B472F1BB747580088C360 /* BABaseballApplicationUITests */ = {
			isa = PBXNativeTarget;
			buildConfigurationList = 045B473F1BB747580088C360 /* Build configuration list for PBXNativeTarget "BABaseballApplicationUITests" */;
			buildPhases = (
				045B472C1BB747580088C360 /* Sources */,
				045B472D1BB747580088C360 /* Frameworks */,
				045B472E1BB747580088C360 /* Resources */,
			);
			buildRules = (
			);
			dependencies = (
				045B47321BB747580088C360 /* PBXTargetDependency */,
			);
			name = BABaseballApplicationUITests;
			productName = BABaseballApplicationUITests;
			productReference = 045B47301BB747580088C360 /* BABaseballApplicationUITests.xctest */;
			productType = "com.apple.product-type.bundle.ui-testing";
		};
/* End PBXNativeTarget section */

/* Begin PBXProject section */
		045B47011BB747570088C360 /* Project object */ = {
			isa = PBXProject;
			attributes = {
				LastUpgradeCheck = 0700;
				ORGANIZATIONNAME = MAC;
				TargetAttributes = {
					045B47081BB747570088C360 = {
						CreatedOnToolsVersion = 7.0;
					};
					045B47241BB747580088C360 = {
						CreatedOnToolsVersion = 7.0;
						TestTargetID = 045B47081BB747570088C360;
					};
					045B472F1BB747580088C360 = {
						CreatedOnToolsVersion = 7.0;
						TestTargetID = 045B47081BB747570088C360;
					};
				};
			};
			buildConfigurationList = 045B47041BB747570088C360 /* Build configuration list for PBXProject "BABaseballApplication" */;
			compatibilityVersion = "Xcode 3.2";
			developmentRegion = English;
			hasScannedForEncodings = 0;
			knownRegions = (
				en,
				Base,
			);
			mainGroup = 045B47001BB747570088C360;
			productRefGroup = 045B470A1BB747570088C360 /* Products */;
			projectDirPath = "";
			projectRoot = "";
			targets = (
				045B47081BB747570088C360 /* BABaseballApplication */,
				045B47241BB747580088C360 /* BABaseballApplicationTests */,
				045B472F1BB747580088C360 /* BABaseballApplicationUITests */,
			);
		};
/* End PBXProject section */

/* Begin PBXResourcesBuildPhase section */
		045B47071BB747570088C360 /* Resources */ = {
			isa = PBXResourcesBuildPhase;
			buildActionMask = 2147483647;
			files = (
				045B471F1BB747570088C360 /* LaunchScreen.storyboard in Resources */,
				045B471C1BB747570088C360 /* Assets.xcassets in Resources */,
				045B47171BB747570088C360 /* Main.storyboard in Resources */,
			);
			runOnlyForDeploymentPostprocessing = 0;
		};
		045B47231BB747580088C360 /* Resources */ = {
			isa = PBXResourcesBuildPhase;
			buildActionMask = 2147483647;
			files = (
			);
			runOnlyForDeploymentPostprocessing = 0;
		};
		045B472E1BB747580088C360 /* Resources */ = {
			isa = PBXResourcesBuildPhase;
			buildActionMask = 2147483647;
			files = (
			);
			runOnlyForDeploymentPostprocessing = 0;
		};
/* End PBXResourcesBuildPhase section */

/* Begin PBXSourcesBuildPhase section */
		045B47051BB747570088C360 /* Sources */ = {
			isa = PBXSourcesBuildPhase;
			buildActionMask = 2147483647;
			files = (
				044BD50A1BB99E110076F540 /* Team.m in Sources */,
				045B47141BB747570088C360 /* TeamViewController.m in Sources */,
				045B47111BB747570088C360 /* AppDelegate.m in Sources */,
				04D529941BB84DA700F03357 /* BAScoreboard.m in Sources */,
				044BD5071BB99B150076F540 /* TeamTableViewCell.m in Sources */,
				045B470E1BB747570088C360 /* main.m in Sources */,
				04D9CF521BB74AEE000E2F37 /* BAJSONParser.m in Sources */,
				045B471A1BB747570088C360 /* BABaseballApplication.xcdatamodeld in Sources */,
			);
			runOnlyForDeploymentPostprocessing = 0;
		};
		045B47211BB747580088C360 /* Sources */ = {
			isa = PBXSourcesBuildPhase;
			buildActionMask = 2147483647;
			files = (
				045B472A1BB747580088C360 /* BABaseballApplicationTests.m in Sources */,
			);
			runOnlyForDeploymentPostprocessing = 0;
		};
		045B472C1BB747580088C360 /* Sources */ = {
			isa = PBXSourcesBuildPhase;
			buildActionMask = 2147483647;
			files = (
				045B47351BB747580088C360 /* BABaseballApplicationUITests.m in Sources */,
			);
			runOnlyForDeploymentPostprocessing = 0;
		};
/* End PBXSourcesBuildPhase section */

/* Begin PBXTargetDependency section */
		045B47271BB747580088C360 /* PBXTargetDependency */ = {
			isa = PBXTargetDependency;
			target = 045B47081BB747570088C360 /* BABaseballApplication */;
			targetProxy = 045B47261BB747580088C360 /* PBXContainerItemProxy */;
		};
		045B47321BB747580088C360 /* PBXTargetDependency */ = {
			isa = PBXTargetDependency;
			target = 045B47081BB747570088C360 /* BABaseballApplication */;
			targetProxy = 045B47311BB747580088C360 /* PBXContainerItemProxy */;
		};
/* End PBXTargetDependency section */

/* Begin PBXVariantGroup section */
		045B47151BB747570088C360 /* Main.storyboard */ = {
			isa = PBXVariantGroup;
			children = (
				045B47161BB747570088C360 /* Base */,
			);
			name = Main.storyboard;
			sourceTree = "<group>";
		};
		045B471D1BB747570088C360 /* LaunchScreen.storyboard */ = {
			isa = PBXVariantGroup;
			children = (
				045B471E1BB747570088C360 /* Base */,
			);
			name = LaunchScreen.storyboard;
			sourceTree = "<group>";
		};
/* End PBXVariantGroup section */

/* Begin XCBuildConfiguration section */
		045B47371BB747580088C360 /* Debug */ = {
			isa = XCBuildConfiguration;
			buildSettings = {
				ALWAYS_SEARCH_USER_PATHS = NO;
				CLANG_CXX_LANGUAGE_STANDARD = "gnu++0x";
				CLANG_CXX_LIBRARY = "libc++";
				CLANG_ENABLE_MODULES = YES;
				CLANG_ENABLE_OBJC_ARC = YES;
				CLANG_WARN_BOOL_CONVERSION = YES;
				CLANG_WARN_CONSTANT_CONVERSION = YES;
				CLANG_WARN_DIRECT_OBJC_ISA_USAGE = YES_ERROR;
				CLANG_WARN_EMPTY_BODY = YES;
				CLANG_WARN_ENUM_CONVERSION = YES;
				CLANG_WARN_INT_CONVERSION = YES;
				CLANG_WARN_OBJC_ROOT_CLASS = YES_ERROR;
				CLANG_WARN_UNREACHABLE_CODE = YES;
				CLANG_WARN__DUPLICATE_METHOD_MATCH = YES;
				"CODE_SIGN_IDENTITY[sdk=iphoneos*]" = "iPhone Developer";
				COPY_PHASE_STRIP = NO;
				DEBUG_INFORMATION_FORMAT = dwarf;
				ENABLE_STRICT_OBJC_MSGSEND = YES;
				ENABLE_TESTABILITY = YES;
				GCC_C_LANGUAGE_STANDARD = gnu99;
				GCC_DYNAMIC_NO_PIC = NO;
				GCC_NO_COMMON_BLOCKS = YES;
				GCC_OPTIMIZATION_LEVEL = 0;
				GCC_PREPROCESSOR_DEFINITIONS = (
					"DEBUG=1",
					"$(inherited)",
				);
				GCC_WARN_64_TO_32_BIT_CONVERSION = YES;
				GCC_WARN_ABOUT_RETURN_TYPE = YES_ERROR;
				GCC_WARN_UNDECLARED_SELECTOR = YES;
				GCC_WARN_UNINITIALIZED_AUTOS = YES_AGGRESSIVE;
				GCC_WARN_UNUSED_FUNCTION = YES;
				GCC_WARN_UNUSED_VARIABLE = YES;
				IPHONEOS_DEPLOYMENT_TARGET = 9.0;
				MTL_ENABLE_DEBUG_INFO = YES;
				ONLY_ACTIVE_ARCH = YES;
				SDKROOT = iphoneos;
			};
			name = Debug;
		};
		045B47381BB747580088C360 /* Release */ = {
			isa = XCBuildConfiguration;
			buildSettings = {
				ALWAYS_SEARCH_USER_PATHS = NO;
				CLANG_CXX_LANGUAGE_STANDARD = "gnu++0x";
				CLANG_CXX_LIBRARY = "libc++";
				CLANG_ENABLE_MODULES = YES;
				CLANG_ENABLE_OBJC_ARC = YES;
				CLANG_WARN_BOOL_CONVERSION = YES;
				CLANG_WARN_CONSTANT_CONVERSION = YES;
				CLANG_WARN_DIRECT_OBJC_ISA_USAGE = YES_ERROR;
				CLANG_WARN_EMPTY_BODY = YES;
				CLANG_WARN_ENUM_CONVERSION = YES;
				CLANG_WARN_INT_CONVERSION = YES;
				CLANG_WARN_OBJC_ROOT_CLASS = YES_ERROR;
				CLANG_WARN_UNREACHABLE_CODE = YES;
				CLANG_WARN__DUPLICATE_METHOD_MATCH = YES;
				"CODE_SIGN_IDENTITY[sdk=iphoneos*]" = "iPhone Developer";
				COPY_PHASE_STRIP = NO;
				DEBUG_INFORMATION_FORMAT = "dwarf-with-dsym";
				ENABLE_NS_ASSERTIONS = NO;
				ENABLE_STRICT_OBJC_MSGSEND = YES;
				GCC_C_LANGUAGE_STANDARD = gnu99;
				GCC_NO_COMMON_BLOCKS = YES;
				GCC_WARN_64_TO_32_BIT_CONVERSION = YES;
				GCC_WARN_ABOUT_RETURN_TYPE = YES_ERROR;
				GCC_WARN_UNDECLARED_SELECTOR = YES;
				GCC_WARN_UNINITIALIZED_AUTOS = YES_AGGRESSIVE;
				GCC_WARN_UNUSED_FUNCTION = YES;
				GCC_WARN_UNUSED_VARIABLE = YES;
				IPHONEOS_DEPLOYMENT_TARGET = 9.0;
				MTL_ENABLE_DEBUG_INFO = NO;
				SDKROOT = iphoneos;
				VALIDATE_PRODUCT = YES;
			};
			name = Release;
		};
		045B473A1BB747580088C360 /* Debug */ = {
			isa = XCBuildConfiguration;
			buildSettings = {
				ASSETCATALOG_COMPILER_APPICON_NAME = AppIcon;
				INFOPLIST_FILE = BABaseballApplication/Info.plist;
				LD_RUNPATH_SEARCH_PATHS = "$(inherited) @executable_path/Frameworks";
				PRODUCT_BUNDLE_IDENTIFIER = com.mac.BABaseballApplication;
				PRODUCT_NAME = "$(TARGET_NAME)";
			};
			name = Debug;
		};
		045B473B1BB747580088C360 /* Release */ = {
			isa = XCBuildConfiguration;
			buildSettings = {
				ASSETCATALOG_COMPILER_APPICON_NAME = AppIcon;
				INFOPLIST_FILE = BABaseballApplication/Info.plist;
				LD_RUNPATH_SEARCH_PATHS = "$(inherited) @executable_path/Frameworks";
				PRODUCT_BUNDLE_IDENTIFIER = com.mac.BABaseballApplication;
				PRODUCT_NAME = "$(TARGET_NAME)";
			};
			name = Release;
		};
		045B473D1BB747580088C360 /* Debug */ = {
			isa = XCBuildConfiguration;
			buildSettings = {
				BUNDLE_LOADER = "$(TEST_HOST)";
				INFOPLIST_FILE = BABaseballApplicationTests/Info.plist;
				LD_RUNPATH_SEARCH_PATHS = "$(inherited) @executable_path/Frameworks @loader_path/Frameworks";
				PRODUCT_BUNDLE_IDENTIFIER = com.mac.BABaseballApplicationTests;
				PRODUCT_NAME = "$(TARGET_NAME)";
				TEST_HOST = "$(BUILT_PRODUCTS_DIR)/BABaseballApplication.app/BABaseballApplication";
			};
			name = Debug;
		};
		045B473E1BB747580088C360 /* Release */ = {
			isa = XCBuildConfiguration;
			buildSettings = {
				BUNDLE_LOADER = "$(TEST_HOST)";
				INFOPLIST_FILE = BABaseballApplicationTests/Info.plist;
				LD_RUNPATH_SEARCH_PATHS = "$(inherited) @executable_path/Frameworks @loader_path/Frameworks";
				PRODUCT_BUNDLE_IDENTIFIER = com.mac.BABaseballApplicationTests;
				PRODUCT_NAME = "$(TARGET_NAME)";
				TEST_HOST = "$(BUILT_PRODUCTS_DIR)/BABaseballApplication.app/BABaseballApplication";
			};
			name = Release;
		};
		045B47401BB747580088C360 /* Debug */ = {
			isa = XCBuildConfiguration;
			buildSettings = {
				INFOPLIST_FILE = BABaseballApplicationUITests/Info.plist;
				LD_RUNPATH_SEARCH_PATHS = "$(inherited) @executable_path/Frameworks @loader_path/Frameworks";
				PRODUCT_BUNDLE_IDENTIFIER = com.mac.BABaseballApplicationUITests;
				PRODUCT_NAME = "$(TARGET_NAME)";
				TEST_TARGET_NAME = BABaseballApplication;
				USES_XCTRUNNER = YES;
			};
			name = Debug;
		};
		045B47411BB747580088C360 /* Release */ = {
			isa = XCBuildConfiguration;
			buildSettings = {
				INFOPLIST_FILE = BABaseballApplicationUITests/Info.plist;
				LD_RUNPATH_SEARCH_PATHS = "$(inherited) @executable_path/Frameworks @loader_path/Frameworks";
				PRODUCT_BUNDLE_IDENTIFIER = com.mac.BABaseballApplicationUITests;
				PRODUCT_NAME = "$(TARGET_NAME)";
				TEST_TARGET_NAME = BABaseballApplication;
				USES_XCTRUNNER = YES;
			};
			name = Release;
		};
/* End XCBuildConfiguration section */

/* Begin XCConfigurationList section */
		045B47041BB747570088C360 /* Build configuration list for PBXProject "BABaseballApplication" */ = {
			isa = XCConfigurationList;
			buildConfigurations = (
				045B47371BB747580088C360 /* Debug */,
				045B47381BB747580088C360 /* Release */,
			);
			defaultConfigurationIsVisible = 0;
			defaultConfigurationName = Release;
		};
		045B47391BB747580088C360 /* Build configuration list for PBXNativeTarget "BABaseballApplication" */ = {
			isa = XCConfigurationList;
			buildConfigurations = (
				045B473A1BB747580088C360 /* Debug */,
				045B473B1BB747580088C360 /* Release */,
			);
			defaultConfigurationIsVisible = 0;
			defaultConfigurationName = Release;
		};
		045B473C1BB747580088C360 /* Build configuration list for PBXNativeTarget "BABaseballApplicationTests" */ = {
			isa = XCConfigurationList;
			buildConfigurations = (
				045B473D1BB747580088C360 /* Debug */,
				045B473E1BB747580088C360 /* Release */,
			);
			defaultConfigurationIsVisible = 0;
			defaultConfigurationName = Release;
		};
		045B473F1BB747580088C360 /* Build configuration list for PBXNativeTarget "BABaseballApplicationUITests" */ = {
			isa = XCConfigurationList;
			buildConfigurations = (
				045B47401BB747580088C360 /* Debug */,
				045B47411BB747580088C360 /* Release */,
			);
			defaultConfigurationIsVisible = 0;
			defaultConfigurationName = Release;
		};
/* End XCConfigurationList section */

/* Begin XCVersionGroup section */
		045B47181BB747570088C360 /* BABaseballApplication.xcdatamodeld */ = {
			isa = XCVersionGroup;
			children = (
				045B47191BB747570088C360 /* BABaseballApplication.xcdatamodel */,
			);
			currentVersion = 045B47191BB747570088C360 /* BABaseballApplication.xcdatamodel */;
			path = BABaseballApplication.xcdatamodeld;
			sourceTree = "<group>";
			versionGroupType = wrapper.xcdatamodel;
		};
/* End XCVersionGroup section */
	};
	rootObject = 045B47011BB747570088C360 /* Project object */;
}
